
Microsoft Visual Studio Solution File, Format Version 12.00
# Visual Studio Version 17
VisualStudioVersion = 17.0.31903.59
MinimumVisualStudioVersion = 10.0.40219.1
Project("{2150E333-8FDC-42A3-9474-1A3956D46DE8}") = "src", "src", "{DF0B4A06-4632-46E1-958A-9678604456EF}"
EndProject
Project("{FAE04EC0-301F-11D3-BF4B-00C04F79EFBC}") = "AuctionService", "src\AuctionService\AuctionService.csproj", "{3A51A99D-840D-4109-9540-596A4952BD38}"
EndProject
Project("{FAE04EC0-301F-11D3-BF4B-00C04F79EFBC}") = "SearchService", "src\SearchService\SearchService.csproj", "{AFF5826D-B8F7-41FB-A2C7-3479E81C9BB2}"
EndProject
Project("{FAE04EC0-301F-11D3-BF4B-00C04F79EFBC}") = "Contracts", "src\Contracts\Contracts.csproj", "{CB8B595C-271D-49A0-AB60-7A2F4C80E182}"
EndProject
Project("{FAE04EC0-301F-11D3-BF4B-00C04F79EFBC}") = "IdentityService", "src\IdentityService\IdentityService.csproj", "{70B6B2DC-57BD-44CB-A13B-9F7A9F8E9224}"
EndProject
Project("{FAE04EC0-301F-11D3-BF4B-00C04F79EFBC}") = "GatewayService", "src\GatewayService\GatewayService.csproj", "{8920DB0E-4FB6-472E-ACDC-BAB6AC4FE5F2}"
EndProject
Global
	GlobalSection(SolutionConfigurationPlatforms) = preSolution
		Debug|Any CPU = Debug|Any CPU
		Release|Any CPU = Release|Any CPU
	EndGlobalSection
	GlobalSection(SolutionProperties) = preSolution
		HideSolutionNode = FALSE
	EndGlobalSection
	GlobalSection(ProjectConfigurationPlatforms) = postSolution
		{3A51A99D-840D-4109-9540-596A4952BD38}.Debug|Any CPU.ActiveCfg = Debug|Any CPU
		{3A51A99D-840D-4109-9540-596A4952BD38}.Debug|Any CPU.Build.0 = Debug|Any CPU
		{3A51A99D-840D-4109-9540-596A4952BD38}.Release|Any CPU.ActiveCfg = Release|Any CPU
		{3A51A99D-840D-4109-9540-596A4952BD38}.Release|Any CPU.Build.0 = Release|Any CPU
		{AFF5826D-B8F7-41FB-A2C7-3479E81C9BB2}.Debug|Any CPU.ActiveCfg = Debug|Any CPU
		{AFF5826D-B8F7-41FB-A2C7-3479E81C9BB2}.Debug|Any CPU.Build.0 = Debug|Any CPU
		{AFF5826D-B8F7-41FB-A2C7-3479E81C9BB2}.Release|Any CPU.ActiveCfg = Release|Any CPU
		{AFF5826D-B8F7-41FB-A2C7-3479E81C9BB2}.Release|Any CPU.Build.0 = Release|Any CPU
		{CB8B595C-271D-49A0-AB60-7A2F4C80E182}.Debug|Any CPU.ActiveCfg = Debug|Any CPU
		{CB8B595C-271D-49A0-AB60-7A2F4C80E182}.Debug|Any CPU.Build.0 = Debug|Any CPU
		{CB8B595C-271D-49A0-AB60-7A2F4C80E182}.Release|Any CPU.ActiveCfg = Release|Any CPU
		{CB8B595C-271D-49A0-AB60-7A2F4C80E182}.Release|Any CPU.Build.0 = Release|Any CPU
		{70B6B2DC-57BD-44CB-A13B-9F7A9F8E9224}.Debug|Any CPU.ActiveCfg = Debug|Any CPU
		{70B6B2DC-57BD-44CB-A13B-9F7A9F8E9224}.Debug|Any CPU.Build.0 = Debug|Any CPU
		{70B6B2DC-57BD-44CB-A13B-9F7A9F8E9224}.Release|Any CPU.ActiveCfg = Release|Any CPU
		{70B6B2DC-57BD-44CB-A13B-9F7A9F8E9224}.Release|Any CPU.Build.0 = Release|Any CPU
		{8920DB0E-4FB6-472E-ACDC-BAB6AC4FE5F2}.Debug|Any CPU.ActiveCfg = Debug|Any CPU
		{8920DB0E-4FB6-472E-ACDC-BAB6AC4FE5F2}.Debug|Any CPU.Build.0 = Debug|Any CPU
		{8920DB0E-4FB6-472E-ACDC-BAB6AC4FE5F2}.Release|Any CPU.ActiveCfg = Release|Any CPU
		{8920DB0E-4FB6-472E-ACDC-BAB6AC4FE5F2}.Release|Any CPU.Build.0 = Release|Any CPU
	EndGlobalSection
	GlobalSection(NestedProjects) = preSolution
		{3A51A99D-840D-4109-9540-596A4952BD38} = {DF0B4A06-4632-46E1-958A-9678604456EF}
		{AFF5826D-B8F7-41FB-A2C7-3479E81C9BB2} = {DF0B4A06-4632-46E1-958A-9678604456EF}
		{CB8B595C-271D-49A0-AB60-7A2F4C80E182} = {DF0B4A06-4632-46E1-958A-9678604456EF}
		{70B6B2DC-57BD-44CB-A13B-9F7A9F8E9224} = {DF0B4A06-4632-46E1-958A-9678604456EF}
		{8920DB0E-4FB6-472E-ACDC-BAB6AC4FE5F2} = {DF0B4A06-4632-46E1-958A-9678604456EF}
	EndGlobalSection
EndGlobal
